// !$*UTF8*$!
{
	archiveVersion = 1;
	classes = {
	};
	objectVersion = 50;
	objects = {

/* Begin PBXBuildFile section */
		47923366224139F0000BC0D7 /* AppDelegate.swift in Sources */ = {isa = PBXBuildFile; fileRef = 47923365224139F0000BC0D7 /* AppDelegate.swift */; };
		47923368224139F0000BC0D7 /* ViewController.swift in Sources */ = {isa = PBXBuildFile; fileRef = 47923367224139F0000BC0D7 /* ViewController.swift */; };
		4792336B224139F0000BC0D7 /* Main.storyboard in Resources */ = {isa = PBXBuildFile; fileRef = 47923369224139F0000BC0D7 /* Main.storyboard */; };
		4792336D224139F1000BC0D7 /* Assets.xcassets in Resources */ = {isa = PBXBuildFile; fileRef = 4792336C224139F1000BC0D7 /* Assets.xcassets */; };
		47923370224139F1000BC0D7 /* LaunchScreen.storyboard in Resources */ = {isa = PBXBuildFile; fileRef = 4792336E224139F1000BC0D7 /* LaunchScreen.storyboard */; };
		47E849622243C7AE005B3FB5 /* HeartBeatTabBar.swift in Sources */ = {isa = PBXBuildFile; fileRef = 47E849612243C7AE005B3FB5 /* HeartBeatTabBar.swift */; };
		47E849642243C7C4005B3FB5 /* HeartBeatLineView.swift in Sources */ = {isa = PBXBuildFile; fileRef = 47E849632243C7C4005B3FB5 /* HeartBeatLineView.swift */; };
/* End PBXBuildFile section */

/* Begin PBXFileReference section */
		47923362224139F0000BC0D7 /* HeartBeat.app */ = {isa = PBXFileReference; explicitFileType = wrapper.application; includeInIndex = 0; path = HeartBeat.app; sourceTree = BUILT_PRODUCTS_DIR; };
		47923365224139F0000BC0D7 /* AppDelegate.swift */ = {isa = PBXFileReference; lastKnownFileType = sourcecode.swift; path = AppDelegate.swift; sourceTree = "<group>"; };
		47923367224139F0000BC0D7 /* ViewController.swift */ = {isa = PBXFileReference; lastKnownFileType = sourcecode.swift; path = ViewController.swift; sourceTree = "<group>"; };
		4792336A224139F0000BC0D7 /* Base */ = {isa = PBXFileReference; lastKnownFileType = file.storyboard; name = Base; path = Base.lproj/Main.storyboard; sourceTree = "<group>"; };
		4792336C224139F1000BC0D7 /* Assets.xcassets */ = {isa = PBXFileReference; lastKnownFileType = folder.assetcatalog; path = Assets.xcassets; sourceTree = "<group>"; };
		4792336F224139F1000BC0D7 /* Base */ = {isa = PBXFileReference; lastKnownFileType = file.storyboard; name = Base; path = Base.lproj/LaunchScreen.storyboard; sourceTree = "<group>"; };
		47923371224139F1000BC0D7 /* Info.plist */ = {isa = PBXFileReference; lastKnownFileType = text.plist.xml; path = Info.plist; sourceTree = "<group>"; };
		47E849612243C7AE005B3FB5 /* HeartBeatTabBar.swift */ = {isa = PBXFileReference; lastKnownFileType = sourcecode.swift; path = HeartBeatTabBar.swift; sourceTree = "<group>"; };
		47E849632243C7C4005B3FB5 /* HeartBeatLineView.swift */ = {isa = PBXFileReference; lastKnownFileType = sourcecode.swift; path = HeartBeatLineView.swift; sourceTree = "<group>"; };
/* End PBXFileReference section */

/* Begin PBXFrameworksBuildPhase section */
		4792335F224139F0000BC0D7 /* Frameworks */ = {
			isa = PBXFrameworksBuildPhase;
			buildActionMask = 2147483647;
			files = (
			);
			runOnlyForDeploymentPostprocessing = 0;
		};
/* End PBXFrameworksBuildPhase section */

/* Begin PBXGroup section */
		47923359224139F0000BC0D7 = {
			isa = PBXGroup;
			children = (
				47923364224139F0000BC0D7 /* HeartBeat */,
				47923363224139F0000BC0D7 /* Products */,
			);
			sourceTree = "<group>";
		};
		47923363224139F0000BC0D7 /* Products */ = {
			isa = PBXGroup;
			children = (
				47923362224139F0000BC0D7 /* HeartBeat.app */,
			);
			name = Products;
			sourceTree = "<group>";
		};
		47923364224139F0000BC0D7 /* HeartBeat */ = {
			isa = PBXGroup;
			children = (
				47923365224139F0000BC0D7 /* AppDelegate.swift */,
				47923367224139F0000BC0D7 /* ViewController.swift */,
				47E849602243C79B005B3FB5 /* HeartBeat */,
				47923369224139F0000BC0D7 /* Main.storyboard */,
				4792336C224139F1000BC0D7 /* Assets.xcassets */,
				4792336E224139F1000BC0D7 /* LaunchScreen.storyboard */,
				47923371224139F1000BC0D7 /* Info.plist */,
			);
			path = HeartBeat;
			sourceTree = "<group>";
		};
		47E849602243C79B005B3FB5 /* HeartBeat */ = {
			isa = PBXGroup;
			children = (
				47E849612243C7AE005B3FB5 /* HeartBeatTabBar.swift */,
				47E849632243C7C4005B3FB5 /* HeartBeatLineView.swift */,
			);
			path = HeartBeat;
			sourceTree = "<group>";
		};
/* End PBXGroup section */

/* Begin PBXNativeTarget section */
		47923361224139F0000BC0D7 /* HeartBeat */ = {
			isa = PBXNativeTarget;
			buildConfigurationList = 47923374224139F1000BC0D7 /* Build configuration list for PBXNativeTarget "HeartBeat" */;
			buildPhases = (
				4792335E224139F0000BC0D7 /* Sources */,
				4792335F224139F0000BC0D7 /* Frameworks */,
				47923360224139F0000BC0D7 /* Resources */,
			);
			buildRules = (
			);
			dependencies = (
			);
			name = HeartBeat;
			productName = LineHearth;
			productReference = 47923362224139F0000BC0D7 /* HeartBeat.app */;
			productType = "com.apple.product-type.application";
		};
/* End PBXNativeTarget section */

/* Begin PBXProject section */
		4792335A224139F0000BC0D7 /* Project object */ = {
			isa = PBXProject;
			attributes = {
				LastSwiftUpdateCheck = 1010;
				LastUpgradeCheck = 1010;
				ORGANIZATIONNAME = "Dimitri Giani";
				TargetAttributes = {
					47923361224139F0000BC0D7 = {
						CreatedOnToolsVersion = 10.1;
					};
				};
			};
			buildConfigurationList = 4792335D224139F0000BC0D7 /* Build configuration list for PBXProject "HeartBeat" */;
			compatibilityVersion = "Xcode 9.3";
			developmentRegion = en;
			hasScannedForEncodings = 0;
			knownRegions = (
				en,
				Base,
			);
			mainGroup = 47923359224139F0000BC0D7;
			productRefGroup = 47923363224139F0000BC0D7 /* Products */;
			projectDirPath = "";
			projectRoot = "";
			targets = (
				47923361224139F0000BC0D7 /* HeartBeat */,
			);
		};
/* End PBXProject section */

/* Begin PBXResourcesBuildPhase section */
		47923360224139F0000BC0D7 /* Resources */ = {
			isa = PBXResourcesBuildPhase;
			buildActionMask = 2147483647;
			files = (
				47923370224139F1000BC0D7 /* LaunchScreen.storyboard in Resources */,
				4792336D224139F1000BC0D7 /* Assets.xcassets in Resources */,
				4792336B224139F0000BC0D7 /* Main.storyboard in Resources */,
			);
			runOnlyForDeploymentPostprocessing = 0;
		};
/* End PBXResourcesBuildPhase section */

/* Begin PBXSourcesBuildPhase section */
		4792335E224139F0000BC0D7 /* Sources */ = {
			isa = PBXSourcesBuildPhase;
			buildActionMask = 2147483647;
			files = (
				47923368224139F0000BC0D7 /* ViewController.swift in Sources */,
				47E849642243C7C4005B3FB5 /* HeartBeatLineView.swift in Sources */,
				47923366224139F0000BC0D7 /* AppDelegate.swift in Sources */,
				47E849622243C7AE005B3FB5 /* HeartBeatTabBar.swift in Sources */,
			);
			runOnlyForDeploymentPostprocessing = 0;
		};
/* End PBXSourcesBuildPhase section */

/* Begin PBXVariantGroup section */
		47923369224139F0000BC0D7 /* Main.storyboard */ = {
			isa = PBXVariantGroup;
			children = (
				4792336A224139F0000BC0D7 /* Base */,
			);
			name = Main.storyboard;
			sourceTree = "<group>";
		};
		4792336E224139F1000BC0D7 /* LaunchScreen.storyboard */ = {
			isa = PBXVariantGroup;
			children = (
				4792336F224139F1000BC0D7 /* Base */,
			);
			name = LaunchScreen.storyboard;
			sourceTree = "<group>";
		};
/* End PBXVariantGroup section */

/* Begin XCBuildConfiguration section */
		47923372224139F1000BC0D7 /* Debug */ = {
			isa = XCBuildConfiguration;
			buildSettings = {
				ALWAYS_SEARCH_USER_PATHS = NO;
				CLANG_ANALYZER_NONNULL = YES;
				CLANG_ANALYZER_NUMBER_OBJECT_CONVERSION = YES_AGGRESSIVE;
				CLANG_CXX_LANGUAGE_STANDARD = "gnu++14";
				CLANG_CXX_LIBRARY = "libc++";
				CLANG_ENABLE_MODULES = YES;
				CLANG_ENABLE_OBJC_ARC = YES;
				CLANG_ENABLE_OBJC_WEAK = YES;
				CLANG_WARN_BLOCK_CAPTURE_AUTORELEASING = YES;
				CLANG_WARN_BOOL_CONVERSION = YES;
				CLANG_WARN_COMMA = YES;
				CLANG_WARN_CONSTANT_CONVERSION = YES;
				CLANG_WARN_DEPRECATED_OBJC_IMPLEMENTATIONS = YES;
				CLANG_WARN_DIRECT_OBJC_ISA_USAGE = YES_ERROR;
				CLANG_WARN_DOCUMENTATION_COMMENTS = YES;
				CLANG_WARN_EMPTY_BODY = YES;
				CLANG_WARN_ENUM_CONVERSION = YES;
				CLANG_WARN_INFINITE_RECURSION = YES;
				CLANG_WARN_INT_CONVERSION = YES;
				CLANG_WARN_NON_LITERAL_NULL_CONVERSION = YES;
				CLANG_WARN_OBJC_IMPLICIT_RETAIN_SELF = YES;
				CLANG_WARN_OBJC_LITERAL_CONVERSION = YES;
				CLANG_WARN_OBJC_ROOT_CLASS = YES_ERROR;
				CLANG_WARN_RANGE_LOOP_ANALYSIS = YES;
				CLANG_WARN_STRICT_PROTOTYPES = YES;
				CLANG_WARN_SUSPICIOUS_MOVE = YES;
				CLANG_WARN_UNGUARDED_AVAILABILITY = YES_AGGRESSIVE;
				CLANG_WARN_UNREACHABLE_CODE = YES;
				CLANG_WARN__DUPLICATE_METHOD_MATCH = YES;
				CODE_SIGN_IDENTITY = "iPhone Developer";
				COPY_PHASE_STRIP = NO;
				DEBUG_INFORMATION_FORMAT = dwarf;
				ENABLE_STRICT_OBJC_MSGSEND = YES;
				ENABLE_TESTABILITY = YES;
				GCC_C_LANGUAGE_STANDARD = gnu11;
				GCC_DYNAMIC_NO_PIC = NO;
				GCC_NO_COMMON_BLOCKS = YES;
				GCC_OPTIMIZATION_LEVEL = 0;
				GCC_PREPROCESSOR_DEFINITIONS = (
					"DEBUG=1",
					"$(inherited)",
				);
				GCC_WARN_64_TO_32_BIT_CONVERSION = YES;
				GCC_WARN_ABOUT_RETURN_TYPE = YES_ERROR;
				GCC_WARN_UNDECLARED_SELECTOR = YES;
				GCC_WARN_UNINITIALIZED_AUTOS = YES_AGGRESSIVE;
				GCC_WARN_UNUSED_FUNCTION = YES;
				GCC_WARN_UNUSED_VARIABLE = YES;
				IPHONEOS_DEPLOYMENT_TARGET = 12.1;
				MTL_ENABLE_DEBUG_INFO = INCLUDE_SOURCE;
				MTL_FAST_MATH = YES;
				ONLY_ACTIVE_ARCH = YES;
				SDKROOT = iphoneos;
				SWIFT_ACTIVE_COMPILATION_CONDITIONS = DEBUG;
				SWIFT_OPTIMIZATION_LEVEL = "-Onone";
			};
			name = Debug;
		};
		47923373224139F1000BC0D7 /* Release */ = {
			isa = XCBuildConfiguration;
			buildSettings = {
				ALWAYS_SEARCH_USER_PATHS = NO;
				CLANG_ANALYZER_NONNULL = YES;
				CLANG_ANALYZER_NUMBER_OBJECT_CONVERSION = YES_AGGRESSIVE;
				CLANG_CXX_LANGUAGE_STANDARD = "gnu++14";
				CLANG_CXX_LIBRARY = "libc++";
				CLANG_ENABLE_MODULES = YES;
				CLANG_ENABLE_OBJC_ARC = YES;
				CLANG_ENABLE_OBJC_WEAK = YES;
				CLANG_WARN_BLOCK_CAPTURE_AUTORELEASING = YES;
				CLANG_WARN_BOOL_CONVERSION = YES;
				CLANG_WARN_COMMA = YES;
				CLANG_WARN_CONSTANT_CONVERSION = YES;
				CLANG_WARN_DEPRECATED_OBJC_IMPLEMENTATIONS = YES;
				CLANG_WARN_DIRECT_OBJC_ISA_USAGE = YES_ERROR;
				CLANG_WARN_DOCUMENTATION_COMMENTS = YES;
				CLANG_WARN_EMPTY_BODY = YES;
				CLANG_WARN_ENUM_CONVERSION = YES;
				CLANG_WARN_INFINITE_RECURSION = YES;
				CLANG_WARN_INT_CONVERSION = YES;
				CLANG_WARN_NON_LITERAL_NULL_CONVERSION = YES;
				CLANG_WARN_OBJC_IMPLICIT_RETAIN_SELF = YES;
				CLANG_WARN_OBJC_LITERAL_CONVERSION = YES;
				CLANG_WARN_OBJC_ROOT_CLASS = YES_ERROR;
				CLANG_WARN_RANGE_LOOP_ANALYSIS = YES;
				CLANG_WARN_STRICT_PROTOTYPES = YES;
				CLANG_WARN_SUSPICIOUS_MOVE = YES;
				CLANG_WARN_UNGUARDED_AVAILABILITY = YES_AGGRESSIVE;
				CLANG_WARN_UNREACHABLE_CODE = YES;
				CLANG_WARN__DUPLICATE_METHOD_MATCH = YES;
				CODE_SIGN_IDENTITY = "iPhone Developer";
				COPY_PHASE_STRIP = NO;
				DEBUG_INFORMATION_FORMAT = "dwarf-with-dsym";
				ENABLE_NS_ASSERTIONS = NO;
				ENABLE_STRICT_OBJC_MSGSEND = YES;
				GCC_C_LANGUAGE_STANDARD = gnu11;
				GCC_NO_COMMON_BLOCKS = YES;
				GCC_WARN_64_TO_32_BIT_CONVERSION = YES;
				GCC_WARN_ABOUT_RETURN_TYPE = YES_ERROR;
				GCC_WARN_UNDECLARED_SELECTOR = YES;
				GCC_WARN_UNINITIALIZED_AUTOS = YES_AGGRESSIVE;
				GCC_WARN_UNUSED_FUNCTION = YES;
				GCC_WARN_UNUSED_VARIABLE = YES;
				IPHONEOS_DEPLOYMENT_TARGET = 12.1;
				MTL_ENABLE_DEBUG_INFO = NO;
				MTL_FAST_MATH = YES;
				SDKROOT = iphoneos;
				SWIFT_COMPILATION_MODE = wholemodule;
				SWIFT_OPTIMIZATION_LEVEL = "-O";
				VALIDATE_PRODUCT = YES;
			};
			name = Release;
		};
		47923375224139F1000BC0D7 /* Debug */ = {
			isa = XCBuildConfiguration;
			buildSettings = {
				ASSETCATALOG_COMPILER_APPICON_NAME = AppIcon;
				CODE_SIGN_STYLE = Automatic;
				DEVELOPMENT_TEAM = Y36762Y992;
				INFOPLIST_FILE = "$(SRCROOT)/HeartBeat/Info.plist";
				LD_RUNPATH_SEARCH_PATHS = (
					"$(inherited)",
					"@executable_path/Frameworks",
				);
				PRODUCT_BUNDLE_IDENTIFIER = it.dimix.HeartBeat;
				PRODUCT_NAME = "$(TARGET_NAME)";
				SWIFT_VERSION = 4.2;
				TARGETED_DEVICE_FAMILY = "1,2";
			};
			name = Debug;
		};
		47923376224139F1000BC0D7 /* Release */ = {
			isa = XCBuildConfiguration;
			buildSettings = {
				ASSETCATALOG_COMPILER_APPICON_NAME = AppIcon;
				CODE_SIGN_STYLE = Automatic;
				DEVELOPMENT_TEAM = Y36762Y992;
				INFOPLIST_FILE = "$(SRCROOT)/HeartBeat/Info.plist";
				LD_RUNPATH_SEARCH_PATHS = (
					"$(inherited)",
					"@executable_path/Frameworks",
				);
				PRODUCT_BUNDLE_IDENTIFIER = it.dimix.HeartBeat;
				PRODUCT_NAME = "$(TARGET_NAME)";
				SWIFT_VERSION = 4.2;
				TARGETED_DEVICE_FAMILY = "1,2";
			};
			name = Release;
		};
/* End XCBuildConfiguration section */

/* Begin XCConfigurationList section */
		4792335D224139F0000BC0D7 /* Build configuration list for PBXProject "HeartBeat" */ = {
			isa = XCConfigurationList;
			buildConfigurations = (
				47923372224139F1000BC0D7 /* Debug */,
				47923373224139F1000BC0D7 /* Release */,
			);
			defaultConfigurationIsVisible = 0;
			defaultConfigurationName = Release;
		};
		47923374224139F1000BC0D7 /* Build configuration list for PBXNativeTarget "HeartBeat" */ = {
			isa = XCConfigurationList;
			buildConfigurations = (
				47923375224139F1000BC0D7 /* Debug */,
				47923376224139F1000BC0D7 /* Release */,
			);
			defaultConfigurationIsVisible = 0;
			defaultConfigurationName = Release;
		};
/* End XCConfigurationList section */
	};
	rootObject = 4792335A224139F0000BC0D7 /* Project object */;
}
